
Microsoft Visual Studio Solution File, Format Version 12.00
# Visual Studio Version 16
VisualStudioVersion = 16.0.31205.134
MinimumVisualStudioVersion = 10.0.40219.1
Project("{FAE04EC0-301F-11D3-BF4B-00C04F79EFBC}") = "Lab6 Zav3", "Lab6 Zav3\Lab6 Zav3.csproj", "{234F7A3F-C2ED-4D02-89F2-9C8412F930DD}"
EndProject
Global
	GlobalSection(SolutionConfigurationPlatforms) = preSolution
		Debug|Any CPU = Debug|Any CPU
		Release|Any CPU = Release|Any CPU
	EndGlobalSection
	GlobalSection(ProjectConfigurationPlatforms) = postSolution
		{234F7A3F-C2ED-4D02-89F2-9C8412F930DD}.Debug|Any CPU.ActiveCfg = Debug|Any CPU
		{234F7A3F-C2ED-4D02-89F2-9C8412F930DD}.Debug|Any CPU.Build.0 = Debug|Any CPU
		{234F7A3F-C2ED-4D02-89F2-9C8412F930DD}.Release|Any CPU.ActiveCfg = Release|Any CPU
		{234F7A3F-C2ED-4D02-89F2-9C8412F930DD}.Release|Any CPU.Build.0 = Release|Any CPU
	EndGlobalSection
	GlobalSection(SolutionProperties) = preSolution
		HideSolutionNode = FALSE
	EndGlobalSection
	GlobalSection(ExtensibilityGlobals) = postSolution
		SolutionGuid = {B912AA09-9EDA-4030-ACDD-F31CD7FF3E2B}
	EndGlobalSection
EndGlobal
